
Microsoft Visual Studio Solution File, Format Version 12.00
# Visual Studio Version 17
VisualStudioVersion = 17.5.002.0
MinimumVisualStudioVersion = 10.0.40219.1
Project("{9A19103F-16F7-4668-BE54-9A1E7A4F7556}") = "fundamentos", "ExemploFundamentos\fundamentos.csproj", "{B144210A-A44D-4F17-8CBE-65B67C3E142B}"
EndProject
Project("{FAE04EC0-301F-11D3-BF4B-00C04F79EFBC}") = "ExemploFundamentos.Common", "ExemploFundamentos.Common\ExemploFundamentos.Common.csproj", "{C404D34F-670A-4D2A-AD91-EA3CF76D9F79}"
EndProject
Global
	GlobalSection(SolutionConfigurationPlatforms) = preSolution
		Debug|Any CPU = Debug|Any CPU
		Release|Any CPU = Release|Any CPU
	EndGlobalSection
	GlobalSection(ProjectConfigurationPlatforms) = postSolution
		{B144210A-A44D-4F17-8CBE-65B67C3E142B}.Debug|Any CPU.ActiveCfg = Debug|Any CPU
		{B144210A-A44D-4F17-8CBE-65B67C3E142B}.Debug|Any CPU.Build.0 = Debug|Any CPU
		{B144210A-A44D-4F17-8CBE-65B67C3E142B}.Release|Any CPU.ActiveCfg = Release|Any CPU
		{B144210A-A44D-4F17-8CBE-65B67C3E142B}.Release|Any CPU.Build.0 = Release|Any CPU
		{C404D34F-670A-4D2A-AD91-EA3CF76D9F79}.Debug|Any CPU.ActiveCfg = Debug|Any CPU
		{C404D34F-670A-4D2A-AD91-EA3CF76D9F79}.Debug|Any CPU.Build.0 = Debug|Any CPU
		{C404D34F-670A-4D2A-AD91-EA3CF76D9F79}.Release|Any CPU.ActiveCfg = Release|Any CPU
		{C404D34F-670A-4D2A-AD91-EA3CF76D9F79}.Release|Any CPU.Build.0 = Release|Any CPU
	EndGlobalSection
	GlobalSection(SolutionProperties) = preSolution
		HideSolutionNode = FALSE
	EndGlobalSection
	GlobalSection(ExtensibilityGlobals) = postSolution
		SolutionGuid = {7EC42598-B867-4BC0-99BC-A703A0154440}
	EndGlobalSection
EndGlobal
